
Microsoft Visual Studio Solution File, Format Version 12.00
# Visual Studio Version 17
VisualStudioVersion = 17.11.35312.102
MinimumVisualStudioVersion = 10.0.40219.1
Project("{FAE04EC0-301F-11D3-BF4B-00C04F79EFBC}") = "Movie Rental Service ass3&4", "Movie Rental Service ass3&4.csproj", "{B90F18EA-75AD-4AA5-A35F-87AC9FB930D6}"
EndProject
Global
	GlobalSection(SolutionConfigurationPlatforms) = preSolution
		Debug|Any CPU = Debug|Any CPU
		Release|Any CPU = Release|Any CPU
	EndGlobalSection
	GlobalSection(ProjectConfigurationPlatforms) = postSolution
		{B90F18EA-75AD-4AA5-A35F-87AC9FB930D6}.Debug|Any CPU.ActiveCfg = Debug|Any CPU
		{B90F18EA-75AD-4AA5-A35F-87AC9FB930D6}.Debug|Any CPU.Build.0 = Debug|Any CPU
		{B90F18EA-75AD-4AA5-A35F-87AC9FB930D6}.Release|Any CPU.ActiveCfg = Release|Any CPU
		{B90F18EA-75AD-4AA5-A35F-87AC9FB930D6}.Release|Any CPU.Build.0 = Release|Any CPU
	EndGlobalSection
	GlobalSection(SolutionProperties) = preSolution
		HideSolutionNode = FALSE
	EndGlobalSection
	GlobalSection(ExtensibilityGlobals) = postSolution
		SolutionGuid = {E521B519-E92E-414B-9ACB-4050EC39EDC1}
	EndGlobalSection
EndGlobal
